
Microsoft Visual Studio Solution File, Format Version 12.00
# Visual Studio 15
VisualStudioVersion = 15.0.26124.0
MinimumVisualStudioVersion = 15.0.26124.0
Project("{FAE04EC0-301F-11D3-BF4B-00C04F79EFBC}") = "Domain", "Domain\Domain.csproj", "{8EA521BA-E8C8-4639-AEDF-613DAF5D8852}"
EndProject
Project("{FAE04EC0-301F-11D3-BF4B-00C04F79EFBC}") = "Application", "Application\Application.csproj", "{9B6E0547-8046-4508-9D63-775BA77663B2}"
EndProject
Project("{FAE04EC0-301F-11D3-BF4B-00C04F79EFBC}") = "Persistence", "Persistence\Persistence.csproj", "{642285DE-BCD7-47AB-A133-18A0F21CEB57}"
EndProject
Project("{FAE04EC0-301F-11D3-BF4B-00C04F79EFBC}") = "API", "API\API.csproj", "{3CBAFD74-B04C-4623-8C55-F28139595A8A}"
EndProject
Global
	GlobalSection(SolutionConfigurationPlatforms) = preSolution
		Debug|Any CPU = Debug|Any CPU
		Debug|x64 = Debug|x64
		Debug|x86 = Debug|x86
		Release|Any CPU = Release|Any CPU
		Release|x64 = Release|x64
		Release|x86 = Release|x86
	EndGlobalSection
	GlobalSection(SolutionProperties) = preSolution
		HideSolutionNode = FALSE
	EndGlobalSection
	GlobalSection(ProjectConfigurationPlatforms) = postSolution
		{8EA521BA-E8C8-4639-AEDF-613DAF5D8852}.Debug|Any CPU.ActiveCfg = Debug|Any CPU
		{8EA521BA-E8C8-4639-AEDF-613DAF5D8852}.Debug|Any CPU.Build.0 = Debug|Any CPU
		{8EA521BA-E8C8-4639-AEDF-613DAF5D8852}.Debug|x64.ActiveCfg = Debug|Any CPU
		{8EA521BA-E8C8-4639-AEDF-613DAF5D8852}.Debug|x64.Build.0 = Debug|Any CPU
		{8EA521BA-E8C8-4639-AEDF-613DAF5D8852}.Debug|x86.ActiveCfg = Debug|Any CPU
		{8EA521BA-E8C8-4639-AEDF-613DAF5D8852}.Debug|x86.Build.0 = Debug|Any CPU
		{8EA521BA-E8C8-4639-AEDF-613DAF5D8852}.Release|Any CPU.ActiveCfg = Release|Any CPU
		{8EA521BA-E8C8-4639-AEDF-613DAF5D8852}.Release|Any CPU.Build.0 = Release|Any CPU
		{8EA521BA-E8C8-4639-AEDF-613DAF5D8852}.Release|x64.ActiveCfg = Release|Any CPU
		{8EA521BA-E8C8-4639-AEDF-613DAF5D8852}.Release|x64.Build.0 = Release|Any CPU
		{8EA521BA-E8C8-4639-AEDF-613DAF5D8852}.Release|x86.ActiveCfg = Release|Any CPU
		{8EA521BA-E8C8-4639-AEDF-613DAF5D8852}.Release|x86.Build.0 = Release|Any CPU
		{9B6E0547-8046-4508-9D63-775BA77663B2}.Debug|Any CPU.ActiveCfg = Debug|Any CPU
		{9B6E0547-8046-4508-9D63-775BA77663B2}.Debug|Any CPU.Build.0 = Debug|Any CPU
		{9B6E0547-8046-4508-9D63-775BA77663B2}.Debug|x64.ActiveCfg = Debug|Any CPU
		{9B6E0547-8046-4508-9D63-775BA77663B2}.Debug|x64.Build.0 = Debug|Any CPU
		{9B6E0547-8046-4508-9D63-775BA77663B2}.Debug|x86.ActiveCfg = Debug|Any CPU
		{9B6E0547-8046-4508-9D63-775BA77663B2}.Debug|x86.Build.0 = Debug|Any CPU
		{9B6E0547-8046-4508-9D63-775BA77663B2}.Release|Any CPU.ActiveCfg = Release|Any CPU
		{9B6E0547-8046-4508-9D63-775BA77663B2}.Release|Any CPU.Build.0 = Release|Any CPU
		{9B6E0547-8046-4508-9D63-775BA77663B2}.Release|x64.ActiveCfg = Release|Any CPU
		{9B6E0547-8046-4508-9D63-775BA77663B2}.Release|x64.Build.0 = Release|Any CPU
		{9B6E0547-8046-4508-9D63-775BA77663B2}.Release|x86.ActiveCfg = Release|Any CPU
		{9B6E0547-8046-4508-9D63-775BA77663B2}.Release|x86.Build.0 = Release|Any CPU
		{642285DE-BCD7-47AB-A133-18A0F21CEB57}.Debug|Any CPU.ActiveCfg = Debug|Any CPU
		{642285DE-BCD7-47AB-A133-18A0F21CEB57}.Debug|Any CPU.Build.0 = Debug|Any CPU
		{642285DE-BCD7-47AB-A133-18A0F21CEB57}.Debug|x64.ActiveCfg = Debug|Any CPU
		{642285DE-BCD7-47AB-A133-18A0F21CEB57}.Debug|x64.Build.0 = Debug|Any CPU
		{642285DE-BCD7-47AB-A133-18A0F21CEB57}.Debug|x86.ActiveCfg = Debug|Any CPU
		{642285DE-BCD7-47AB-A133-18A0F21CEB57}.Debug|x86.Build.0 = Debug|Any CPU
		{642285DE-BCD7-47AB-A133-18A0F21CEB57}.Release|Any CPU.ActiveCfg = Release|Any CPU
		{642285DE-BCD7-47AB-A133-18A0F21CEB57}.Release|Any CPU.Build.0 = Release|Any CPU
		{642285DE-BCD7-47AB-A133-18A0F21CEB57}.Release|x64.ActiveCfg = Release|Any CPU
		{642285DE-BCD7-47AB-A133-18A0F21CEB57}.Release|x64.Build.0 = Release|Any CPU
		{642285DE-BCD7-47AB-A133-18A0F21CEB57}.Release|x86.ActiveCfg = Release|Any CPU
		{642285DE-BCD7-47AB-A133-18A0F21CEB57}.Release|x86.Build.0 = Release|Any CPU
		{3CBAFD74-B04C-4623-8C55-F28139595A8A}.Debug|Any CPU.ActiveCfg = Debug|Any CPU
		{3CBAFD74-B04C-4623-8C55-F28139595A8A}.Debug|Any CPU.Build.0 = Debug|Any CPU
		{3CBAFD74-B04C-4623-8C55-F28139595A8A}.Debug|x64.ActiveCfg = Debug|Any CPU
		{3CBAFD74-B04C-4623-8C55-F28139595A8A}.Debug|x64.Build.0 = Debug|Any CPU
		{3CBAFD74-B04C-4623-8C55-F28139595A8A}.Debug|x86.ActiveCfg = Debug|Any CPU
		{3CBAFD74-B04C-4623-8C55-F28139595A8A}.Debug|x86.Build.0 = Debug|Any CPU
		{3CBAFD74-B04C-4623-8C55-F28139595A8A}.Release|Any CPU.ActiveCfg = Release|Any CPU
		{3CBAFD74-B04C-4623-8C55-F28139595A8A}.Release|Any CPU.Build.0 = Release|Any CPU
		{3CBAFD74-B04C-4623-8C55-F28139595A8A}.Release|x64.ActiveCfg = Release|Any CPU
		{3CBAFD74-B04C-4623-8C55-F28139595A8A}.Release|x64.Build.0 = Release|Any CPU
		{3CBAFD74-B04C-4623-8C55-F28139595A8A}.Release|x86.ActiveCfg = Release|Any CPU
		{3CBAFD74-B04C-4623-8C55-F28139595A8A}.Release|x86.Build.0 = Release|Any CPU
	EndGlobalSection
EndGlobal
